// !$*UTF8*$!
{
	archiveVersion = 1;
	classes = {
	};
	objectVersion = 50;
	objects = {

/* Begin PBXBuildFile section */
		AE844A4E254B61F200B5248C /* AppDelegate.swift in Sources */ = {isa = PBXBuildFile; fileRef = AE844A4D254B61F200B5248C /* AppDelegate.swift */; };
		AE844A50254B61F200B5248C /* SceneDelegate.swift in Sources */ = {isa = PBXBuildFile; fileRef = AE844A4F254B61F200B5248C /* SceneDelegate.swift */; };
		AE844A52254B61F200B5248C /* ViewController.swift in Sources */ = {isa = PBXBuildFile; fileRef = AE844A51254B61F200B5248C /* ViewController.swift */; };
		AE844A55254B61F200B5248C /* Main.storyboard in Resources */ = {isa = PBXBuildFile; fileRef = AE844A53254B61F200B5248C /* Main.storyboard */; };
		AE844A57254B61F600B5248C /* Assets.xcassets in Resources */ = {isa = PBXBuildFile; fileRef = AE844A56254B61F600B5248C /* Assets.xcassets */; };
		AE844A5A254B61F600B5248C /* LaunchScreen.storyboard in Resources */ = {isa = PBXBuildFile; fileRef = AE844A58254B61F600B5248C /* LaunchScreen.storyboard */; };
/* End PBXBuildFile section */

/* Begin PBXFileReference section */
		AE844A4A254B61F200B5248C /* AppEventCount.app */ = {isa = PBXFileReference; explicitFileType = wrapper.application; includeInIndex = 0; path = AppEventCount.app; sourceTree = BUILT_PRODUCTS_DIR; };
		AE844A4D254B61F200B5248C /* AppDelegate.swift */ = {isa = PBXFileReference; lastKnownFileType = sourcecode.swift; path = AppDelegate.swift; sourceTree = "<group>"; };
		AE844A4F254B61F200B5248C /* SceneDelegate.swift */ = {isa = PBXFileReference; lastKnownFileType = sourcecode.swift; path = SceneDelegate.swift; sourceTree = "<group>"; };
		AE844A51254B61F200B5248C /* ViewController.swift */ = {isa = PBXFileReference; lastKnownFileType = sourcecode.swift; path = ViewController.swift; sourceTree = "<group>"; };
		AE844A54254B61F200B5248C /* Base */ = {isa = PBXFileReference; lastKnownFileType = file.storyboard; name = Base; path = Base.lproj/Main.storyboard; sourceTree = "<group>"; };
		AE844A56254B61F600B5248C /* Assets.xcassets */ = {isa = PBXFileReference; lastKnownFileType = folder.assetcatalog; path = Assets.xcassets; sourceTree = "<group>"; };
		AE844A59254B61F600B5248C /* Base */ = {isa = PBXFileReference; lastKnownFileType = file.storyboard; name = Base; path = Base.lproj/LaunchScreen.storyboard; sourceTree = "<group>"; };
		AE844A5B254B61F600B5248C /* Info.plist */ = {isa = PBXFileReference; lastKnownFileType = text.plist.xml; path = Info.plist; sourceTree = "<group>"; };
/* End PBXFileReference section */

/* Begin PBXFrameworksBuildPhase section */
		AE844A47254B61F200B5248C /* Frameworks */ = {
			isa = PBXFrameworksBuildPhase;
			buildActionMask = 2147483647;
			files = (
			);
			runOnlyForDeploymentPostprocessing = 0;
		};
/* End PBXFrameworksBuildPhase section */

/* Begin PBXGroup section */
		AE844A41254B61F200B5248C = {
			isa = PBXGroup;
			children = (
				AE844A4C254B61F200B5248C /* AppEventCount */,
				AE844A4B254B61F200B5248C /* Products */,
			);
			sourceTree = "<group>";
		};
		AE844A4B254B61F200B5248C /* Products */ = {
			isa = PBXGroup;
			children = (
				AE844A4A254B61F200B5248C /* AppEventCount.app */,
			);
			name = Products;
			sourceTree = "<group>";
		};
		AE844A4C254B61F200B5248C /* AppEventCount */ = {
			isa = PBXGroup;
			children = (
				AE844A4D254B61F200B5248C /* AppDelegate.swift */,
				AE844A4F254B61F200B5248C /* SceneDelegate.swift */,
				AE844A51254B61F200B5248C /* ViewController.swift */,
				AE844A53254B61F200B5248C /* Main.storyboard */,
				AE844A56254B61F600B5248C /* Assets.xcassets */,
				AE844A58254B61F600B5248C /* LaunchScreen.storyboard */,
				AE844A5B254B61F600B5248C /* Info.plist */,
			);
			path = AppEventCount;
			sourceTree = "<group>";
		};
/* End PBXGroup section */

/* Begin PBXNativeTarget section */
		AE844A49254B61F200B5248C /* AppEventCount */ = {
			isa = PBXNativeTarget;
			buildConfigurationList = AE844A5E254B61F600B5248C /* Build configuration list for PBXNativeTarget "AppEventCount" */;
			buildPhases = (
				AE844A46254B61F200B5248C /* Sources */,
				AE844A47254B61F200B5248C /* Frameworks */,
				AE844A48254B61F200B5248C /* Resources */,
			);
			buildRules = (
			);
			dependencies = (
			);
			name = AppEventCount;
			productName = AppEventCount;
			productReference = AE844A4A254B61F200B5248C /* AppEventCount.app */;
			productType = "com.apple.product-type.application";
		};
/* End PBXNativeTarget section */

/* Begin PBXProject section */
		AE844A42254B61F200B5248C /* Project object */ = {
			isa = PBXProject;
			attributes = {
				LastSwiftUpdateCheck = 1170;
				LastUpgradeCheck = 1170;
				ORGANIZATIONNAME = "Gina Sprint";
				TargetAttributes = {
					AE844A49254B61F200B5248C = {
						CreatedOnToolsVersion = 11.7;
					};
				};
			};
			buildConfigurationList = AE844A45254B61F200B5248C /* Build configuration list for PBXProject "AppEventCount" */;
			compatibilityVersion = "Xcode 9.3";
			developmentRegion = en;
			hasScannedForEncodings = 0;
			knownRegions = (
				en,
				Base,
			);
			mainGroup = AE844A41254B61F200B5248C;
			productRefGroup = AE844A4B254B61F200B5248C /* Products */;
			projectDirPath = "";
			projectRoot = "";
			targets = (
				AE844A49254B61F200B5248C /* AppEventCount */,
			);
		};
/* End PBXProject section */

/* Begin PBXResourcesBuildPhase section */
		AE844A48254B61F200B5248C /* Resources */ = {
			isa = PBXResourcesBuildPhase;
			buildActionMask = 2147483647;
			files = (
				AE844A5A254B61F600B5248C /* LaunchScreen.storyboard in Resources */,
				AE844A57254B61F600B5248C /* Assets.xcassets in Resources */,
				AE844A55254B61F200B5248C /* Main.storyboard in Resources */,
			);
			runOnlyForDeploymentPostprocessing = 0;
		};
/* End PBXResourcesBuildPhase section */

/* Begin PBXSourcesBuildPhase section */
		AE844A46254B61F200B5248C /* Sources */ = {
			isa = PBXSourcesBuildPhase;
			buildActionMask = 2147483647;
			files = (
				AE844A52254B61F200B5248C /* ViewController.swift in Sources */,
				AE844A4E254B61F200B5248C /* AppDelegate.swift in Sources */,
				AE844A50254B61F200B5248C /* SceneDelegate.swift in Sources */,
			);
			runOnlyForDeploymentPostprocessing = 0;
		};
/* End PBXSourcesBuildPhase section */

/* Begin PBXVariantGroup section */
		AE844A53254B61F200B5248C /* Main.storyboard */ = {
			isa = PBXVariantGroup;
			children = (
				AE844A54254B61F200B5248C /* Base */,
			);
			name = Main.storyboard;
			sourceTree = "<group>";
		};
		AE844A58254B61F600B5248C /* LaunchScreen.storyboard */ = {
			isa = PBXVariantGroup;
			children = (
				AE844A59254B61F600B5248C /* Base */,
			);
			name = LaunchScreen.storyboard;
			sourceTree = "<group>";
		};
/* End PBXVariantGroup section */

/* Begin XCBuildConfiguration section */
		AE844A5C254B61F600B5248C /* Debug */ = {
			isa = XCBuildConfiguration;
			buildSettings = {
				ALWAYS_SEARCH_USER_PATHS = NO;
				CLANG_ANALYZER_NONNULL = YES;
				CLANG_ANALYZER_NUMBER_OBJECT_CONVERSION = YES_AGGRESSIVE;
				CLANG_CXX_LANGUAGE_STANDARD = "gnu++14";
				CLANG_CXX_LIBRARY = "libc++";
				CLANG_ENABLE_MODULES = YES;
				CLANG_ENABLE_OBJC_ARC = YES;
				CLANG_ENABLE_OBJC_WEAK = YES;
				CLANG_WARN_BLOCK_CAPTURE_AUTORELEASING = YES;
				CLANG_WARN_BOOL_CONVERSION = YES;
				CLANG_WARN_COMMA = YES;
				CLANG_WARN_CONSTANT_CONVERSION = YES;
				CLANG_WARN_DEPRECATED_OBJC_IMPLEMENTATIONS = YES;
				CLANG_WARN_DIRECT_OBJC_ISA_USAGE = YES_ERROR;
				CLANG_WARN_DOCUMENTATION_COMMENTS = YES;
				CLANG_WARN_EMPTY_BODY = YES;
				CLANG_WARN_ENUM_CONVERSION = YES;
				CLANG_WARN_INFINITE_RECURSION = YES;
				CLANG_WARN_INT_CONVERSION = YES;
				CLANG_WARN_NON_LITERAL_NULL_CONVERSION = YES;
				CLANG_WARN_OBJC_IMPLICIT_RETAIN_SELF = YES;
				CLANG_WARN_OBJC_LITERAL_CONVERSION = YES;
				CLANG_WARN_OBJC_ROOT_CLASS = YES_ERROR;
				CLANG_WARN_RANGE_LOOP_ANALYSIS = YES;
				CLANG_WARN_STRICT_PROTOTYPES = YES;
				CLANG_WARN_SUSPICIOUS_MOVE = YES;
				CLANG_WARN_UNGUARDED_AVAILABILITY = YES_AGGRESSIVE;
				CLANG_WARN_UNREACHABLE_CODE = YES;
				CLANG_WARN__DUPLICATE_METHOD_MATCH = YES;
				COPY_PHASE_STRIP = NO;
				DEBUG_INFORMATION_FORMAT = dwarf;
				ENABLE_STRICT_OBJC_MSGSEND = YES;
				ENABLE_TESTABILITY = YES;
				GCC_C_LANGUAGE_STANDARD = gnu11;
				GCC_DYNAMIC_NO_PIC = NO;
				GCC_NO_COMMON_BLOCKS = YES;
				GCC_OPTIMIZATION_LEVEL = 0;
				GCC_PREPROCESSOR_DEFINITIONS = (
					"DEBUG=1",
					"$(inherited)",
				);
				GCC_WARN_64_TO_32_BIT_CONVERSION = YES;
				GCC_WARN_ABOUT_RETURN_TYPE = YES_ERROR;
				GCC_WARN_UNDECLARED_SELECTOR = YES;
				GCC_WARN_UNINITIALIZED_AUTOS = YES_AGGRESSIVE;
				GCC_WARN_UNUSED_FUNCTION = YES;
				GCC_WARN_UNUSED_VARIABLE = YES;
				IPHONEOS_DEPLOYMENT_TARGET = 13.7;
				MTL_ENABLE_DEBUG_INFO = INCLUDE_SOURCE;
				MTL_FAST_MATH = YES;
				ONLY_ACTIVE_ARCH = YES;
				SDKROOT = iphoneos;
				SWIFT_ACTIVE_COMPILATION_CONDITIONS = DEBUG;
				SWIFT_OPTIMIZATION_LEVEL = "-Onone";
			};
			name = Debug;
		};
		AE844A5D254B61F600B5248C /* Release */ = {
			isa = XCBuildConfiguration;
			buildSettings = {
				ALWAYS_SEARCH_USER_PATHS = NO;
				CLANG_ANALYZER_NONNULL = YES;
				CLANG_ANALYZER_NUMBER_OBJECT_CONVERSION = YES_AGGRESSIVE;
				CLANG_CXX_LANGUAGE_STANDARD = "gnu++14";
				CLANG_CXX_LIBRARY = "libc++";
				CLANG_ENABLE_MODULES = YES;
				CLANG_ENABLE_OBJC_ARC = YES;
				CLANG_ENABLE_OBJC_WEAK = YES;
				CLANG_WARN_BLOCK_CAPTURE_AUTORELEASING = YES;
				CLANG_WARN_BOOL_CONVERSION = YES;
				CLANG_WARN_COMMA = YES;
				CLANG_WARN_CONSTANT_CONVERSION = YES;
				CLANG_WARN_DEPRECATED_OBJC_IMPLEMENTATIONS = YES;
				CLANG_WARN_DIRECT_OBJC_ISA_USAGE = YES_ERROR;
				CLANG_WARN_DOCUMENTATION_COMMENTS = YES;
				CLANG_WARN_EMPTY_BODY = YES;
				CLANG_WARN_ENUM_CONVERSION = YES;
				CLANG_WARN_INFINITE_RECURSION = YES;
				CLANG_WARN_INT_CONVERSION = YES;
				CLANG_WARN_NON_LITERAL_NULL_CONVERSION = YES;
				CLANG_WARN_OBJC_IMPLICIT_RETAIN_SELF = YES;
				CLANG_WARN_OBJC_LITERAL_CONVERSION = YES;
				CLANG_WARN_OBJC_ROOT_CLASS = YES_ERROR;
				CLANG_WARN_RANGE_LOOP_ANALYSIS = YES;
				CLANG_WARN_STRICT_PROTOTYPES = YES;
				CLANG_WARN_SUSPICIOUS_MOVE = YES;
				CLANG_WARN_UNGUARDED_AVAILABILITY = YES_AGGRESSIVE;
				CLANG_WARN_UNREACHABLE_CODE = YES;
				CLANG_WARN__DUPLICATE_METHOD_MATCH = YES;
				COPY_PHASE_STRIP = NO;
				DEBUG_INFORMATION_FORMAT = "dwarf-with-dsym";
				ENABLE_NS_ASSERTIONS = NO;
				ENABLE_STRICT_OBJC_MSGSEND = YES;
				GCC_C_LANGUAGE_STANDARD = gnu11;
				GCC_NO_COMMON_BLOCKS = YES;
				GCC_WARN_64_TO_32_BIT_CONVERSION = YES;
				GCC_WARN_ABOUT_RETURN_TYPE = YES_ERROR;
				GCC_WARN_UNDECLARED_SELECTOR = YES;
				GCC_WARN_UNINITIALIZED_AUTOS = YES_AGGRESSIVE;
				GCC_WARN_UNUSED_FUNCTION = YES;
				GCC_WARN_UNUSED_VARIABLE = YES;
				IPHONEOS_DEPLOYMENT_TARGET = 13.7;
				MTL_ENABLE_DEBUG_INFO = NO;
				MTL_FAST_MATH = YES;
				SDKROOT = iphoneos;
				SWIFT_COMPILATION_MODE = wholemodule;
				SWIFT_OPTIMIZATION_LEVEL = "-O";
				VALIDATE_PRODUCT = YES;
			};
			name = Release;
		};
		AE844A5F254B61F600B5248C /* Debug */ = {
			isa = XCBuildConfiguration;
			buildSettings = {
				ASSETCATALOG_COMPILER_APPICON_NAME = AppIcon;
				CODE_SIGN_STYLE = Automatic;
				INFOPLIST_FILE = AppEventCount/Info.plist;
				LD_RUNPATH_SEARCH_PATHS = (
					"$(inherited)",
					"@executable_path/Frameworks",
				);
				PRODUCT_BUNDLE_IDENTIFIER = com.sprint.gina.AppEventCount;
				PRODUCT_NAME = "$(TARGET_NAME)";
				SWIFT_VERSION = 5.0;
				TARGETED_DEVICE_FAMILY = "1,2";
			};
			name = Debug;
		};
		AE844A60254B61F600B5248C /* Release */ = {
			isa = XCBuildConfiguration;
			buildSettings = {
				ASSETCATALOG_COMPILER_APPICON_NAME = AppIcon;
				CODE_SIGN_STYLE = Automatic;
				INFOPLIST_FILE = AppEventCount/Info.plist;
				LD_RUNPATH_SEARCH_PATHS = (
					"$(inherited)",
					"@executable_path/Frameworks",
				);
				PRODUCT_BUNDLE_IDENTIFIER = com.sprint.gina.AppEventCount;
				PRODUCT_NAME = "$(TARGET_NAME)";
				SWIFT_VERSION = 5.0;
				TARGETED_DEVICE_FAMILY = "1,2";
			};
			name = Release;
		};
/* End XCBuildConfiguration section */

/* Begin XCConfigurationList section */
		AE844A45254B61F200B5248C /* Build configuration list for PBXProject "AppEventCount" */ = {
			isa = XCConfigurationList;
			buildConfigurations = (
				AE844A5C254B61F600B5248C /* Debug */,
				AE844A5D254B61F600B5248C /* Release */,
			);
			defaultConfigurationIsVisible = 0;
			defaultConfigurationName = Release;
		};
		AE844A5E254B61F600B5248C /* Build configuration list for PBXNativeTarget "AppEventCount" */ = {
			isa = XCConfigurationList;
			buildConfigurations = (
				AE844A5F254B61F600B5248C /* Debug */,
				AE844A60254B61F600B5248C /* Release */,
			);
			defaultConfigurationIsVisible = 0;
			defaultConfigurationName = Release;
		};
/* End XCConfigurationList section */
	};
	rootObject = AE844A42254B61F200B5248C /* Project object */;
}
